
Microsoft Visual Studio Solution File, Format Version 12.00
# Visual Studio Version 16
VisualStudioVersion = 16.0.31702.278
MinimumVisualStudioVersion = 15.0.26124.0
Project("{2150E333-8FDC-42A3-9474-1A3956D46DE8}") = "src", "src", "{C73691E4-5947-417F-837F-18F376CB3A5C}"
EndProject
Project("{9A19103F-16F7-4668-BE54-9A1E7A4F7556}") = "ThoughtFocus.App", "src\ThoughtFocus.App\ThoughtFocus.App.csproj", "{D4354A11-8ED6-472C-81B9-0D2F57DDB35B}"
EndProject
Project("{2150E333-8FDC-42A3-9474-1A3956D46DE8}") = "Test", "Test", "{C5FCD411-D892-499B-9E44-3CC3D4B8097A}"
EndProject
Project("{9A19103F-16F7-4668-BE54-9A1E7A4F7556}") = "ThoughtFocus.Tests", "Test\ThoughtFocus.Tests\ThoughtFocus.Tests.csproj", "{7FD7545F-A9A6-4600-9CDE-982C47F7664C}"
EndProject
Project("{2150E333-8FDC-42A3-9474-1A3956D46DE8}") = "1-Core", "1-Core", "{385134F1-5EC5-469D-85FD-BDB77CD96AF6}"
EndProject
Project("{2150E333-8FDC-42A3-9474-1A3956D46DE8}") = "2-Infrastructure", "2-Infrastructure", "{DDB9F090-327C-42C9-A772-11735946B4D0}"
EndProject
Project("{2150E333-8FDC-42A3-9474-1A3956D46DE8}") = "3-Business", "3-Business", "{80AFF0ED-E080-4079-918C-32BFE4507CE9}"
EndProject
Project("{2150E333-8FDC-42A3-9474-1A3956D46DE8}") = "4-Service", "4-Service", "{A4F9D17E-9928-42DB-8B6B-FE4342B5717C}"
EndProject
Project("{2150E333-8FDC-42A3-9474-1A3956D46DE8}") = "5-External", "5-External", "{BF2EEE75-FABB-4F7E-9C23-035A031C2F20}"
EndProject
Project("{2150E333-8FDC-42A3-9474-1A3956D46DE8}") = "6-DocumentRepository", "6-DocumentRepository", "{B52426EE-44B1-4354-8668-8E575B10C5DF}"
EndProject
Project("{9A19103F-16F7-4668-BE54-9A1E7A4F7556}") = "ThoughtFocus.DocumentRepository.Core", "src\6-DocumentRepository\ThoughtFocus.DocumentRepository.Core\ThoughtFocus.DocumentRepository.Core.csproj", "{3D53FD5A-7597-4CE9-87FF-F644AC56FDA7}"
EndProject
Project("{9A19103F-16F7-4668-BE54-9A1E7A4F7556}") = "ThoughtFocus.DocumentRepository.DataAccess.Neo4j", "src\6-DocumentRepository\ThoughtFocus.DocumentRepository.DataAccess.Neo4j\ThoughtFocus.DocumentRepository.DataAccess.Neo4j.csproj", "{5798324F-BC71-4C8C-A510-CC46024C828D}"
EndProject
Project("{9A19103F-16F7-4668-BE54-9A1E7A4F7556}") = "ThoughtFocus.DocumentRepository.Domain", "src\6-DocumentRepository\ThoughtFocus.DocumentRepository.Domain\ThoughtFocus.DocumentRepository.Domain.csproj", "{D67AD638-2001-4EA9-BC52-2A51DF74B98D}"
EndProject
Project("{9A19103F-16F7-4668-BE54-9A1E7A4F7556}") = "ThoughtFocus.DocumentRepository.Repository.Core", "src\6-DocumentRepository\ThoughtFocus.DocumentRepository.Repository.Core\ThoughtFocus.DocumentRepository.Repository.Core.csproj", "{2B51E60A-DFAE-480B-83E4-35CDFB04A992}"
EndProject
Project("{9A19103F-16F7-4668-BE54-9A1E7A4F7556}") = "ThoughtFocus.DocumentRepository.Repository.Neo4j", "src\6-DocumentRepository\ThoughtFocus.DocumentRepository.Repository.Neo4j\ThoughtFocus.DocumentRepository.Repository.Neo4j.csproj", "{E2CCFFB7-3296-44EF-8715-27A1FA40C1D6}"
EndProject
Project("{9A19103F-16F7-4668-BE54-9A1E7A4F7556}") = "ThoughtFocus.DocumentRepository.StorageProvider", "src\6-DocumentRepository\ThoughtFocus.DocumentRepository.StorageProvider\ThoughtFocus.DocumentRepository.StorageProvider.csproj", "{4460F5A5-DE36-4BA5-852B-973AC2664F2D}"
EndProject
Project("{9A19103F-16F7-4668-BE54-9A1E7A4F7556}") = "ThoughtFocus.DocumentManager", "src\3-Business\ThoughtFocus.DocumentManager\ThoughtFocus.DocumentManager.csproj", "{B065A94F-671B-45BA-80AC-C861C3DBE1C0}"
EndProject
Project("{9A19103F-16F7-4668-BE54-9A1E7A4F7556}") = "ThoughtFocus.Workflow", "src\3-Business\ThoughtFocus.Workflow\ThoughtFocus.Workflow.csproj", "{82BD9FBA-3798-4550-A39C-D7F26B331F39}"
EndProject
Project("{9A19103F-16F7-4668-BE54-9A1E7A4F7556}") = "ThoughtFocus.DocumentRepository.AzureBlobStorage", "src\6-DocumentRepository\ThoughtFocus.DocumentRepository.AzureBlobStorage\ThoughtFocus.DocumentRepository.AzureBlobStorage.csproj", "{15D5CE51-B7B7-468E-B1BF-B2EA0A8955CA}"
EndProject
Project("{9A19103F-16F7-4668-BE54-9A1E7A4F7556}") = "ThoughtFocus.Business", "src\3-Business\ThoughtFocus.Business\ThoughtFocus.Business.csproj", "{C1F07A45-14B9-4458-B234-76F419D6B106}"
EndProject
Project("{9A19103F-16F7-4668-BE54-9A1E7A4F7556}") = "ThoughtFocus.RoleProvider", "src\3-Business\ThoughtFocus.RoleProvider\ThoughtFocus.RoleProvider.csproj", "{6A062529-5560-4C47-8537-F1D37EC48002}"
EndProject
Project("{9A19103F-16F7-4668-BE54-9A1E7A4F7556}") = "ThoughtFocus.Validations", "src\3-Business\ThoughtFocus.Validations\ThoughtFocus.Validations.csproj", "{853092AE-977E-4BEB-A194-1DDC39A7266E}"
EndProject
Project("{9A19103F-16F7-4668-BE54-9A1E7A4F7556}") = "ThoughtFocus.Service", "src\4-Service\ThoughtFocus.Service\ThoughtFocus.Service.csproj", "{9F883DAE-8060-4C8E-AA31-106A6A124AA7}"
EndProject
Project("{9A19103F-16F7-4668-BE54-9A1E7A4F7556}") = "ThoughtFocus.Common.Workflow.Common", "src\5-External\ThoughtFocus.Common.Workflow.Common\ThoughtFocus.Common.Workflow.Common.csproj", "{0599396E-41E9-4FC1-9E93-2FDEF2C76F24}"
EndProject
Project("{9A19103F-16F7-4668-BE54-9A1E7A4F7556}") = "ThoughtFocus.Common.Workflow.Core", "src\5-External\ThoughtFocus.Common.Workflow.Core\ThoughtFocus.Common.Workflow.Core.csproj", "{1DC8B833-C0D4-44E8-9903-5330A3C19826}"
EndProject
Project("{9A19103F-16F7-4668-BE54-9A1E7A4F7556}") = "ThoughtFocus.Common.Workflow.DbPersistance", "src\5-External\ThoughtFocus.Common.Workflow.DbPersistance\ThoughtFocus.Common.Workflow.DbPersistance.csproj", "{EF70E18D-6330-4E3D-B4A5-FAA470D75135}"
EndProject
Project("{2150E333-8FDC-42A3-9474-1A3956D46DE8}") = "Solution Items", "Solution Items", "{F6D153C7-48C3-4CB1-88C3-3454C0E1F5C7}"
	ProjectSection(SolutionItems) = preProject
		.gitignore = .gitignore
		azure-pipelines-1.yml = azure-pipelines-1.yml
		azure-pipelines.yml = azure-pipelines.yml
		Readme.txt = Readme.txt
	EndProjectSection
EndProject
Project("{9A19103F-16F7-4668-BE54-9A1E7A4F7556}") = "ThoughtFocus.Common.WorkFlowDataAccess", "src\1-Core\ThoughtFocus.Common.WorkFlowDataAccess\ThoughtFocus.Common.WorkFlowDataAccess.csproj", "{074F986E-53B3-4ECB-B44E-BA0C9B9B4638}"
EndProject
Project("{9A19103F-16F7-4668-BE54-9A1E7A4F7556}") = "ThoughtFocus.Common.WorkFlowRepository", "src\1-Core\ThoughtFocus.Common.WorkFlowRepository\ThoughtFocus.Common.WorkFlowRepository.csproj", "{9BB6347C-0698-4066-893A-B6518152162A}"
EndProject
Project("{9A19103F-16F7-4668-BE54-9A1E7A4F7556}") = "ThoughtFocus.DataAccess", "src\1-Core\ThoughtFocus.DataAccess\ThoughtFocus.DataAccess.csproj", "{CA46DB34-2C97-4AA4-9EBD-363AF7EB1017}"
EndProject
Project("{9A19103F-16F7-4668-BE54-9A1E7A4F7556}") = "ThoughtFocus.Domain", "src\1-Core\ThoughtFocus.Domain\ThoughtFocus.Domain.csproj", "{88FC89BD-77C8-4B43-BE88-88E5AB55B948}"
EndProject
Project("{9A19103F-16F7-4668-BE54-9A1E7A4F7556}") = "ThoughtFocus.Repository", "src\1-Core\ThoughtFocus.Repository\ThoughtFocus.Repository.csproj", "{FDDD79F0-F5EE-43FB-B0B2-8F0F29FFFD86}"
EndProject
Project("{9A19103F-16F7-4668-BE54-9A1E7A4F7556}") = "ThoughtFocus.Common.Exceptions", "src\2-Infrastructure\ThoughtFocus.Common.Exceptions\ThoughtFocus.Common.Exceptions.csproj", "{EEC9F904-734F-4A0D-B195-D61339E53146}"
EndProject
Project("{9A19103F-16F7-4668-BE54-9A1E7A4F7556}") = "ThoughtFocus.Common.Utilities", "src\2-Infrastructure\ThoughtFocus.Common.Utilities\ThoughtFocus.Common.Utilities.csproj", "{D32D4D55-0885-4A26-9467-271464622D46}"
EndProject
Project("{9A19103F-16F7-4668-BE54-9A1E7A4F7556}") = "ThoughtFocus.Constants", "src\2-Infrastructure\ThoughtFocus.Constants\ThoughtFocus.Constants.csproj", "{5A2563EF-80C1-42FC-8263-667207273108}"
EndProject
Global
	GlobalSection(SolutionConfigurationPlatforms) = preSolution
		Debug|Any CPU = Debug|Any CPU
		Debug|x64 = Debug|x64
		Debug|x86 = Debug|x86
		Release|Any CPU = Release|Any CPU
		Release|x64 = Release|x64
		Release|x86 = Release|x86
	EndGlobalSection
	GlobalSection(ProjectConfigurationPlatforms) = postSolution
		{D4354A11-8ED6-472C-81B9-0D2F57DDB35B}.Debug|Any CPU.ActiveCfg = Debug|Any CPU
		{D4354A11-8ED6-472C-81B9-0D2F57DDB35B}.Debug|Any CPU.Build.0 = Debug|Any CPU
		{D4354A11-8ED6-472C-81B9-0D2F57DDB35B}.Debug|x64.ActiveCfg = Debug|Any CPU
		{D4354A11-8ED6-472C-81B9-0D2F57DDB35B}.Debug|x64.Build.0 = Debug|Any CPU
		{D4354A11-8ED6-472C-81B9-0D2F57DDB35B}.Debug|x86.ActiveCfg = Debug|Any CPU
		{D4354A11-8ED6-472C-81B9-0D2F57DDB35B}.Debug|x86.Build.0 = Debug|Any CPU
		{D4354A11-8ED6-472C-81B9-0D2F57DDB35B}.Release|Any CPU.ActiveCfg = Release|Any CPU
		{D4354A11-8ED6-472C-81B9-0D2F57DDB35B}.Release|Any CPU.Build.0 = Release|Any CPU
		{D4354A11-8ED6-472C-81B9-0D2F57DDB35B}.Release|x64.ActiveCfg = Release|Any CPU
		{D4354A11-8ED6-472C-81B9-0D2F57DDB35B}.Release|x64.Build.0 = Release|Any CPU
		{D4354A11-8ED6-472C-81B9-0D2F57DDB35B}.Release|x86.ActiveCfg = Release|Any CPU
		{D4354A11-8ED6-472C-81B9-0D2F57DDB35B}.Release|x86.Build.0 = Release|Any CPU
		{7FD7545F-A9A6-4600-9CDE-982C47F7664C}.Debug|Any CPU.ActiveCfg = Debug|Any CPU
		{7FD7545F-A9A6-4600-9CDE-982C47F7664C}.Debug|Any CPU.Build.0 = Debug|Any CPU
		{7FD7545F-A9A6-4600-9CDE-982C47F7664C}.Debug|x64.ActiveCfg = Debug|Any CPU
		{7FD7545F-A9A6-4600-9CDE-982C47F7664C}.Debug|x64.Build.0 = Debug|Any CPU
		{7FD7545F-A9A6-4600-9CDE-982C47F7664C}.Debug|x86.ActiveCfg = Debug|Any CPU
		{7FD7545F-A9A6-4600-9CDE-982C47F7664C}.Debug|x86.Build.0 = Debug|Any CPU
		{7FD7545F-A9A6-4600-9CDE-982C47F7664C}.Release|Any CPU.ActiveCfg = Release|Any CPU
		{7FD7545F-A9A6-4600-9CDE-982C47F7664C}.Release|Any CPU.Build.0 = Release|Any CPU
		{7FD7545F-A9A6-4600-9CDE-982C47F7664C}.Release|x64.ActiveCfg = Release|Any CPU
		{7FD7545F-A9A6-4600-9CDE-982C47F7664C}.Release|x64.Build.0 = Release|Any CPU
		{7FD7545F-A9A6-4600-9CDE-982C47F7664C}.Release|x86.ActiveCfg = Release|Any CPU
		{7FD7545F-A9A6-4600-9CDE-982C47F7664C}.Release|x86.Build.0 = Release|Any CPU
		{3D53FD5A-7597-4CE9-87FF-F644AC56FDA7}.Debug|Any CPU.ActiveCfg = Debug|Any CPU
		{3D53FD5A-7597-4CE9-87FF-F644AC56FDA7}.Debug|Any CPU.Build.0 = Debug|Any CPU
		{3D53FD5A-7597-4CE9-87FF-F644AC56FDA7}.Debug|x64.ActiveCfg = Debug|Any CPU
		{3D53FD5A-7597-4CE9-87FF-F644AC56FDA7}.Debug|x64.Build.0 = Debug|Any CPU
		{3D53FD5A-7597-4CE9-87FF-F644AC56FDA7}.Debug|x86.ActiveCfg = Debug|Any CPU
		{3D53FD5A-7597-4CE9-87FF-F644AC56FDA7}.Debug|x86.Build.0 = Debug|Any CPU
		{3D53FD5A-7597-4CE9-87FF-F644AC56FDA7}.Release|Any CPU.ActiveCfg = Release|Any CPU
		{3D53FD5A-7597-4CE9-87FF-F644AC56FDA7}.Release|Any CPU.Build.0 = Release|Any CPU
		{3D53FD5A-7597-4CE9-87FF-F644AC56FDA7}.Release|x64.ActiveCfg = Release|Any CPU
		{3D53FD5A-7597-4CE9-87FF-F644AC56FDA7}.Release|x64.Build.0 = Release|Any CPU
		{3D53FD5A-7597-4CE9-87FF-F644AC56FDA7}.Release|x86.ActiveCfg = Release|Any CPU
		{3D53FD5A-7597-4CE9-87FF-F644AC56FDA7}.Release|x86.Build.0 = Release|Any CPU
		{5798324F-BC71-4C8C-A510-CC46024C828D}.Debug|Any CPU.ActiveCfg = Debug|Any CPU
		{5798324F-BC71-4C8C-A510-CC46024C828D}.Debug|Any CPU.Build.0 = Debug|Any CPU
		{5798324F-BC71-4C8C-A510-CC46024C828D}.Debug|x64.ActiveCfg = Debug|Any CPU
		{5798324F-BC71-4C8C-A510-CC46024C828D}.Debug|x64.Build.0 = Debug|Any CPU
		{5798324F-BC71-4C8C-A510-CC46024C828D}.Debug|x86.ActiveCfg = Debug|Any CPU
		{5798324F-BC71-4C8C-A510-CC46024C828D}.Debug|x86.Build.0 = Debug|Any CPU
		{5798324F-BC71-4C8C-A510-CC46024C828D}.Release|Any CPU.ActiveCfg = Release|Any CPU
		{5798324F-BC71-4C8C-A510-CC46024C828D}.Release|Any CPU.Build.0 = Release|Any CPU
		{5798324F-BC71-4C8C-A510-CC46024C828D}.Release|x64.ActiveCfg = Release|Any CPU
		{5798324F-BC71-4C8C-A510-CC46024C828D}.Release|x64.Build.0 = Release|Any CPU
		{5798324F-BC71-4C8C-A510-CC46024C828D}.Release|x86.ActiveCfg = Release|Any CPU
		{5798324F-BC71-4C8C-A510-CC46024C828D}.Release|x86.Build.0 = Release|Any CPU
		{D67AD638-2001-4EA9-BC52-2A51DF74B98D}.Debug|Any CPU.ActiveCfg = Debug|Any CPU
		{D67AD638-2001-4EA9-BC52-2A51DF74B98D}.Debug|Any CPU.Build.0 = Debug|Any CPU
		{D67AD638-2001-4EA9-BC52-2A51DF74B98D}.Debug|x64.ActiveCfg = Debug|Any CPU
		{D67AD638-2001-4EA9-BC52-2A51DF74B98D}.Debug|x64.Build.0 = Debug|Any CPU
		{D67AD638-2001-4EA9-BC52-2A51DF74B98D}.Debug|x86.ActiveCfg = Debug|Any CPU
		{D67AD638-2001-4EA9-BC52-2A51DF74B98D}.Debug|x86.Build.0 = Debug|Any CPU
		{D67AD638-2001-4EA9-BC52-2A51DF74B98D}.Release|Any CPU.ActiveCfg = Release|Any CPU
		{D67AD638-2001-4EA9-BC52-2A51DF74B98D}.Release|Any CPU.Build.0 = Release|Any CPU
		{D67AD638-2001-4EA9-BC52-2A51DF74B98D}.Release|x64.ActiveCfg = Release|Any CPU
		{D67AD638-2001-4EA9-BC52-2A51DF74B98D}.Release|x64.Build.0 = Release|Any CPU
		{D67AD638-2001-4EA9-BC52-2A51DF74B98D}.Release|x86.ActiveCfg = Release|Any CPU
		{D67AD638-2001-4EA9-BC52-2A51DF74B98D}.Release|x86.Build.0 = Release|Any CPU
		{2B51E60A-DFAE-480B-83E4-35CDFB04A992}.Debug|Any CPU.ActiveCfg = Debug|Any CPU
		{2B51E60A-DFAE-480B-83E4-35CDFB04A992}.Debug|Any CPU.Build.0 = Debug|Any CPU
		{2B51E60A-DFAE-480B-83E4-35CDFB04A992}.Debug|x64.ActiveCfg = Debug|Any CPU
		{2B51E60A-DFAE-480B-83E4-35CDFB04A992}.Debug|x64.Build.0 = Debug|Any CPU
		{2B51E60A-DFAE-480B-83E4-35CDFB04A992}.Debug|x86.ActiveCfg = Debug|Any CPU
		{2B51E60A-DFAE-480B-83E4-35CDFB04A992}.Debug|x86.Build.0 = Debug|Any CPU
		{2B51E60A-DFAE-480B-83E4-35CDFB04A992}.Release|Any CPU.ActiveCfg = Release|Any CPU
		{2B51E60A-DFAE-480B-83E4-35CDFB04A992}.Release|Any CPU.Build.0 = Release|Any CPU
		{2B51E60A-DFAE-480B-83E4-35CDFB04A992}.Release|x64.ActiveCfg = Release|Any CPU
		{2B51E60A-DFAE-480B-83E4-35CDFB04A992}.Release|x64.Build.0 = Release|Any CPU
		{2B51E60A-DFAE-480B-83E4-35CDFB04A992}.Release|x86.ActiveCfg = Release|Any CPU
		{2B51E60A-DFAE-480B-83E4-35CDFB04A992}.Release|x86.Build.0 = Release|Any CPU
		{E2CCFFB7-3296-44EF-8715-27A1FA40C1D6}.Debug|Any CPU.ActiveCfg = Debug|Any CPU
		{E2CCFFB7-3296-44EF-8715-27A1FA40C1D6}.Debug|Any CPU.Build.0 = Debug|Any CPU
		{E2CCFFB7-3296-44EF-8715-27A1FA40C1D6}.Debug|x64.ActiveCfg = Debug|Any CPU
		{E2CCFFB7-3296-44EF-8715-27A1FA40C1D6}.Debug|x64.Build.0 = Debug|Any CPU
		{E2CCFFB7-3296-44EF-8715-27A1FA40C1D6}.Debug|x86.ActiveCfg = Debug|Any CPU
		{E2CCFFB7-3296-44EF-8715-27A1FA40C1D6}.Debug|x86.Build.0 = Debug|Any CPU
		{E2CCFFB7-3296-44EF-8715-27A1FA40C1D6}.Release|Any CPU.ActiveCfg = Release|Any CPU
		{E2CCFFB7-3296-44EF-8715-27A1FA40C1D6}.Release|Any CPU.Build.0 = Release|Any CPU
		{E2CCFFB7-3296-44EF-8715-27A1FA40C1D6}.Release|x64.ActiveCfg = Release|Any CPU
		{E2CCFFB7-3296-44EF-8715-27A1FA40C1D6}.Release|x64.Build.0 = Release|Any CPU
		{E2CCFFB7-3296-44EF-8715-27A1FA40C1D6}.Release|x86.ActiveCfg = Release|Any CPU
		{E2CCFFB7-3296-44EF-8715-27A1FA40C1D6}.Release|x86.Build.0 = Release|Any CPU
		{4460F5A5-DE36-4BA5-852B-973AC2664F2D}.Debug|Any CPU.ActiveCfg = Debug|Any CPU
		{4460F5A5-DE36-4BA5-852B-973AC2664F2D}.Debug|Any CPU.Build.0 = Debug|Any CPU
		{4460F5A5-DE36-4BA5-852B-973AC2664F2D}.Debug|x64.ActiveCfg = Debug|Any CPU
		{4460F5A5-DE36-4BA5-852B-973AC2664F2D}.Debug|x64.Build.0 = Debug|Any CPU
		{4460F5A5-DE36-4BA5-852B-973AC2664F2D}.Debug|x86.ActiveCfg = Debug|Any CPU
		{4460F5A5-DE36-4BA5-852B-973AC2664F2D}.Debug|x86.Build.0 = Debug|Any CPU
		{4460F5A5-DE36-4BA5-852B-973AC2664F2D}.Release|Any CPU.ActiveCfg = Release|Any CPU
		{4460F5A5-DE36-4BA5-852B-973AC2664F2D}.Release|Any CPU.Build.0 = Release|Any CPU
		{4460F5A5-DE36-4BA5-852B-973AC2664F2D}.Release|x64.ActiveCfg = Release|Any CPU
		{4460F5A5-DE36-4BA5-852B-973AC2664F2D}.Release|x64.Build.0 = Release|Any CPU
		{4460F5A5-DE36-4BA5-852B-973AC2664F2D}.Release|x86.ActiveCfg = Release|Any CPU
		{4460F5A5-DE36-4BA5-852B-973AC2664F2D}.Release|x86.Build.0 = Release|Any CPU
		{B065A94F-671B-45BA-80AC-C861C3DBE1C0}.Debug|Any CPU.ActiveCfg = Debug|Any CPU
		{B065A94F-671B-45BA-80AC-C861C3DBE1C0}.Debug|Any CPU.Build.0 = Debug|Any CPU
		{B065A94F-671B-45BA-80AC-C861C3DBE1C0}.Debug|x64.ActiveCfg = Debug|Any CPU
		{B065A94F-671B-45BA-80AC-C861C3DBE1C0}.Debug|x64.Build.0 = Debug|Any CPU
		{B065A94F-671B-45BA-80AC-C861C3DBE1C0}.Debug|x86.ActiveCfg = Debug|Any CPU
		{B065A94F-671B-45BA-80AC-C861C3DBE1C0}.Debug|x86.Build.0 = Debug|Any CPU
		{B065A94F-671B-45BA-80AC-C861C3DBE1C0}.Release|Any CPU.ActiveCfg = Release|Any CPU
		{B065A94F-671B-45BA-80AC-C861C3DBE1C0}.Release|Any CPU.Build.0 = Release|Any CPU
		{B065A94F-671B-45BA-80AC-C861C3DBE1C0}.Release|x64.ActiveCfg = Release|Any CPU
		{B065A94F-671B-45BA-80AC-C861C3DBE1C0}.Release|x64.Build.0 = Release|Any CPU
		{B065A94F-671B-45BA-80AC-C861C3DBE1C0}.Release|x86.ActiveCfg = Release|Any CPU
		{B065A94F-671B-45BA-80AC-C861C3DBE1C0}.Release|x86.Build.0 = Release|Any CPU
		{82BD9FBA-3798-4550-A39C-D7F26B331F39}.Debug|Any CPU.ActiveCfg = Debug|Any CPU
		{82BD9FBA-3798-4550-A39C-D7F26B331F39}.Debug|Any CPU.Build.0 = Debug|Any CPU
		{82BD9FBA-3798-4550-A39C-D7F26B331F39}.Debug|x64.ActiveCfg = Debug|Any CPU
		{82BD9FBA-3798-4550-A39C-D7F26B331F39}.Debug|x64.Build.0 = Debug|Any CPU
		{82BD9FBA-3798-4550-A39C-D7F26B331F39}.Debug|x86.ActiveCfg = Debug|Any CPU
		{82BD9FBA-3798-4550-A39C-D7F26B331F39}.Debug|x86.Build.0 = Debug|Any CPU
		{82BD9FBA-3798-4550-A39C-D7F26B331F39}.Release|Any CPU.ActiveCfg = Release|Any CPU
		{82BD9FBA-3798-4550-A39C-D7F26B331F39}.Release|Any CPU.Build.0 = Release|Any CPU
		{82BD9FBA-3798-4550-A39C-D7F26B331F39}.Release|x64.ActiveCfg = Release|Any CPU
		{82BD9FBA-3798-4550-A39C-D7F26B331F39}.Release|x64.Build.0 = Release|Any CPU
		{82BD9FBA-3798-4550-A39C-D7F26B331F39}.Release|x86.ActiveCfg = Release|Any CPU
		{82BD9FBA-3798-4550-A39C-D7F26B331F39}.Release|x86.Build.0 = Release|Any CPU
		{15D5CE51-B7B7-468E-B1BF-B2EA0A8955CA}.Debug|Any CPU.ActiveCfg = Debug|Any CPU
		{15D5CE51-B7B7-468E-B1BF-B2EA0A8955CA}.Debug|Any CPU.Build.0 = Debug|Any CPU
		{15D5CE51-B7B7-468E-B1BF-B2EA0A8955CA}.Debug|x64.ActiveCfg = Debug|Any CPU
		{15D5CE51-B7B7-468E-B1BF-B2EA0A8955CA}.Debug|x64.Build.0 = Debug|Any CPU
		{15D5CE51-B7B7-468E-B1BF-B2EA0A8955CA}.Debug|x86.ActiveCfg = Debug|Any CPU
		{15D5CE51-B7B7-468E-B1BF-B2EA0A8955CA}.Debug|x86.Build.0 = Debug|Any CPU
		{15D5CE51-B7B7-468E-B1BF-B2EA0A8955CA}.Release|Any CPU.ActiveCfg = Release|Any CPU
		{15D5CE51-B7B7-468E-B1BF-B2EA0A8955CA}.Release|Any CPU.Build.0 = Release|Any CPU
		{15D5CE51-B7B7-468E-B1BF-B2EA0A8955CA}.Release|x64.ActiveCfg = Release|Any CPU
		{15D5CE51-B7B7-468E-B1BF-B2EA0A8955CA}.Release|x64.Build.0 = Release|Any CPU
		{15D5CE51-B7B7-468E-B1BF-B2EA0A8955CA}.Release|x86.ActiveCfg = Release|Any CPU
		{15D5CE51-B7B7-468E-B1BF-B2EA0A8955CA}.Release|x86.Build.0 = Release|Any CPU
		{C1F07A45-14B9-4458-B234-76F419D6B106}.Debug|Any CPU.ActiveCfg = Debug|Any CPU
		{C1F07A45-14B9-4458-B234-76F419D6B106}.Debug|Any CPU.Build.0 = Debug|Any CPU
		{C1F07A45-14B9-4458-B234-76F419D6B106}.Debug|x64.ActiveCfg = Debug|Any CPU
		{C1F07A45-14B9-4458-B234-76F419D6B106}.Debug|x64.Build.0 = Debug|Any CPU
		{C1F07A45-14B9-4458-B234-76F419D6B106}.Debug|x86.ActiveCfg = Debug|Any CPU
		{C1F07A45-14B9-4458-B234-76F419D6B106}.Debug|x86.Build.0 = Debug|Any CPU
		{C1F07A45-14B9-4458-B234-76F419D6B106}.Release|Any CPU.ActiveCfg = Release|Any CPU
		{C1F07A45-14B9-4458-B234-76F419D6B106}.Release|Any CPU.Build.0 = Release|Any CPU
		{C1F07A45-14B9-4458-B234-76F419D6B106}.Release|x64.ActiveCfg = Release|Any CPU
		{C1F07A45-14B9-4458-B234-76F419D6B106}.Release|x64.Build.0 = Release|Any CPU
		{C1F07A45-14B9-4458-B234-76F419D6B106}.Release|x86.ActiveCfg = Release|Any CPU
		{C1F07A45-14B9-4458-B234-76F419D6B106}.Release|x86.Build.0 = Release|Any CPU
		{6A062529-5560-4C47-8537-F1D37EC48002}.Debug|Any CPU.ActiveCfg = Debug|Any CPU
		{6A062529-5560-4C47-8537-F1D37EC48002}.Debug|Any CPU.Build.0 = Debug|Any CPU
		{6A062529-5560-4C47-8537-F1D37EC48002}.Debug|x64.ActiveCfg = Debug|Any CPU
		{6A062529-5560-4C47-8537-F1D37EC48002}.Debug|x64.Build.0 = Debug|Any CPU
		{6A062529-5560-4C47-8537-F1D37EC48002}.Debug|x86.ActiveCfg = Debug|Any CPU
		{6A062529-5560-4C47-8537-F1D37EC48002}.Debug|x86.Build.0 = Debug|Any CPU
		{6A062529-5560-4C47-8537-F1D37EC48002}.Release|Any CPU.ActiveCfg = Release|Any CPU
		{6A062529-5560-4C47-8537-F1D37EC48002}.Release|Any CPU.Build.0 = Release|Any CPU
		{6A062529-5560-4C47-8537-F1D37EC48002}.Release|x64.ActiveCfg = Release|Any CPU
		{6A062529-5560-4C47-8537-F1D37EC48002}.Release|x64.Build.0 = Release|Any CPU
		{6A062529-5560-4C47-8537-F1D37EC48002}.Release|x86.ActiveCfg = Release|Any CPU
		{6A062529-5560-4C47-8537-F1D37EC48002}.Release|x86.Build.0 = Release|Any CPU
		{853092AE-977E-4BEB-A194-1DDC39A7266E}.Debug|Any CPU.ActiveCfg = Debug|Any CPU
		{853092AE-977E-4BEB-A194-1DDC39A7266E}.Debug|Any CPU.Build.0 = Debug|Any CPU
		{853092AE-977E-4BEB-A194-1DDC39A7266E}.Debug|x64.ActiveCfg = Debug|Any CPU
		{853092AE-977E-4BEB-A194-1DDC39A7266E}.Debug|x64.Build.0 = Debug|Any CPU
		{853092AE-977E-4BEB-A194-1DDC39A7266E}.Debug|x86.ActiveCfg = Debug|Any CPU
		{853092AE-977E-4BEB-A194-1DDC39A7266E}.Debug|x86.Build.0 = Debug|Any CPU
		{853092AE-977E-4BEB-A194-1DDC39A7266E}.Release|Any CPU.ActiveCfg = Release|Any CPU
		{853092AE-977E-4BEB-A194-1DDC39A7266E}.Release|Any CPU.Build.0 = Release|Any CPU
		{853092AE-977E-4BEB-A194-1DDC39A7266E}.Release|x64.ActiveCfg = Release|Any CPU
		{853092AE-977E-4BEB-A194-1DDC39A7266E}.Release|x64.Build.0 = Release|Any CPU
		{853092AE-977E-4BEB-A194-1DDC39A7266E}.Release|x86.ActiveCfg = Release|Any CPU
		{853092AE-977E-4BEB-A194-1DDC39A7266E}.Release|x86.Build.0 = Release|Any CPU
		{9F883DAE-8060-4C8E-AA31-106A6A124AA7}.Debug|Any CPU.ActiveCfg = Debug|Any CPU
		{9F883DAE-8060-4C8E-AA31-106A6A124AA7}.Debug|Any CPU.Build.0 = Debug|Any CPU
		{9F883DAE-8060-4C8E-AA31-106A6A124AA7}.Debug|x64.ActiveCfg = Debug|Any CPU
		{9F883DAE-8060-4C8E-AA31-106A6A124AA7}.Debug|x64.Build.0 = Debug|Any CPU
		{9F883DAE-8060-4C8E-AA31-106A6A124AA7}.Debug|x86.ActiveCfg = Debug|Any CPU
		{9F883DAE-8060-4C8E-AA31-106A6A124AA7}.Debug|x86.Build.0 = Debug|Any CPU
		{9F883DAE-8060-4C8E-AA31-106A6A124AA7}.Release|Any CPU.ActiveCfg = Release|Any CPU
		{9F883DAE-8060-4C8E-AA31-106A6A124AA7}.Release|Any CPU.Build.0 = Release|Any CPU
		{9F883DAE-8060-4C8E-AA31-106A6A124AA7}.Release|x64.ActiveCfg = Release|Any CPU
		{9F883DAE-8060-4C8E-AA31-106A6A124AA7}.Release|x64.Build.0 = Release|Any CPU
		{9F883DAE-8060-4C8E-AA31-106A6A124AA7}.Release|x86.ActiveCfg = Release|Any CPU
		{9F883DAE-8060-4C8E-AA31-106A6A124AA7}.Release|x86.Build.0 = Release|Any CPU
		{0599396E-41E9-4FC1-9E93-2FDEF2C76F24}.Debug|Any CPU.ActiveCfg = Debug|Any CPU
		{0599396E-41E9-4FC1-9E93-2FDEF2C76F24}.Debug|Any CPU.Build.0 = Debug|Any CPU
		{0599396E-41E9-4FC1-9E93-2FDEF2C76F24}.Debug|x64.ActiveCfg = Debug|Any CPU
		{0599396E-41E9-4FC1-9E93-2FDEF2C76F24}.Debug|x64.Build.0 = Debug|Any CPU
		{0599396E-41E9-4FC1-9E93-2FDEF2C76F24}.Debug|x86.ActiveCfg = Debug|Any CPU
		{0599396E-41E9-4FC1-9E93-2FDEF2C76F24}.Debug|x86.Build.0 = Debug|Any CPU
		{0599396E-41E9-4FC1-9E93-2FDEF2C76F24}.Release|Any CPU.ActiveCfg = Release|Any CPU
		{0599396E-41E9-4FC1-9E93-2FDEF2C76F24}.Release|Any CPU.Build.0 = Release|Any CPU
		{0599396E-41E9-4FC1-9E93-2FDEF2C76F24}.Release|x64.ActiveCfg = Release|Any CPU
		{0599396E-41E9-4FC1-9E93-2FDEF2C76F24}.Release|x64.Build.0 = Release|Any CPU
		{0599396E-41E9-4FC1-9E93-2FDEF2C76F24}.Release|x86.ActiveCfg = Release|Any CPU
		{0599396E-41E9-4FC1-9E93-2FDEF2C76F24}.Release|x86.Build.0 = Release|Any CPU
		{1DC8B833-C0D4-44E8-9903-5330A3C19826}.Debug|Any CPU.ActiveCfg = Debug|Any CPU
		{1DC8B833-C0D4-44E8-9903-5330A3C19826}.Debug|Any CPU.Build.0 = Debug|Any CPU
		{1DC8B833-C0D4-44E8-9903-5330A3C19826}.Debug|x64.ActiveCfg = Debug|Any CPU
		{1DC8B833-C0D4-44E8-9903-5330A3C19826}.Debug|x64.Build.0 = Debug|Any CPU
		{1DC8B833-C0D4-44E8-9903-5330A3C19826}.Debug|x86.ActiveCfg = Debug|Any CPU
		{1DC8B833-C0D4-44E8-9903-5330A3C19826}.Debug|x86.Build.0 = Debug|Any CPU
		{1DC8B833-C0D4-44E8-9903-5330A3C19826}.Release|Any CPU.ActiveCfg = Release|Any CPU
		{1DC8B833-C0D4-44E8-9903-5330A3C19826}.Release|Any CPU.Build.0 = Release|Any CPU
		{1DC8B833-C0D4-44E8-9903-5330A3C19826}.Release|x64.ActiveCfg = Release|Any CPU
		{1DC8B833-C0D4-44E8-9903-5330A3C19826}.Release|x64.Build.0 = Release|Any CPU
		{1DC8B833-C0D4-44E8-9903-5330A3C19826}.Release|x86.ActiveCfg = Release|Any CPU
		{1DC8B833-C0D4-44E8-9903-5330A3C19826}.Release|x86.Build.0 = Release|Any CPU
		{EF70E18D-6330-4E3D-B4A5-FAA470D75135}.Debug|Any CPU.ActiveCfg = Debug|Any CPU
		{EF70E18D-6330-4E3D-B4A5-FAA470D75135}.Debug|Any CPU.Build.0 = Debug|Any CPU
		{EF70E18D-6330-4E3D-B4A5-FAA470D75135}.Debug|x64.ActiveCfg = Debug|Any CPU
		{EF70E18D-6330-4E3D-B4A5-FAA470D75135}.Debug|x64.Build.0 = Debug|Any CPU
		{EF70E18D-6330-4E3D-B4A5-FAA470D75135}.Debug|x86.ActiveCfg = Debug|Any CPU
		{EF70E18D-6330-4E3D-B4A5-FAA470D75135}.Debug|x86.Build.0 = Debug|Any CPU
		{EF70E18D-6330-4E3D-B4A5-FAA470D75135}.Release|Any CPU.ActiveCfg = Release|Any CPU
		{EF70E18D-6330-4E3D-B4A5-FAA470D75135}.Release|Any CPU.Build.0 = Release|Any CPU
		{EF70E18D-6330-4E3D-B4A5-FAA470D75135}.Release|x64.ActiveCfg = Release|Any CPU
		{EF70E18D-6330-4E3D-B4A5-FAA470D75135}.Release|x64.Build.0 = Release|Any CPU
		{EF70E18D-6330-4E3D-B4A5-FAA470D75135}.Release|x86.ActiveCfg = Release|Any CPU
		{EF70E18D-6330-4E3D-B4A5-FAA470D75135}.Release|x86.Build.0 = Release|Any CPU
		{074F986E-53B3-4ECB-B44E-BA0C9B9B4638}.Debug|Any CPU.ActiveCfg = Debug|Any CPU
		{074F986E-53B3-4ECB-B44E-BA0C9B9B4638}.Debug|Any CPU.Build.0 = Debug|Any CPU
		{074F986E-53B3-4ECB-B44E-BA0C9B9B4638}.Debug|x64.ActiveCfg = Debug|Any CPU
		{074F986E-53B3-4ECB-B44E-BA0C9B9B4638}.Debug|x64.Build.0 = Debug|Any CPU
		{074F986E-53B3-4ECB-B44E-BA0C9B9B4638}.Debug|x86.ActiveCfg = Debug|Any CPU
		{074F986E-53B3-4ECB-B44E-BA0C9B9B4638}.Debug|x86.Build.0 = Debug|Any CPU
		{074F986E-53B3-4ECB-B44E-BA0C9B9B4638}.Release|Any CPU.ActiveCfg = Release|Any CPU
		{074F986E-53B3-4ECB-B44E-BA0C9B9B4638}.Release|Any CPU.Build.0 = Release|Any CPU
		{074F986E-53B3-4ECB-B44E-BA0C9B9B4638}.Release|x64.ActiveCfg = Release|Any CPU
		{074F986E-53B3-4ECB-B44E-BA0C9B9B4638}.Release|x64.Build.0 = Release|Any CPU
		{074F986E-53B3-4ECB-B44E-BA0C9B9B4638}.Release|x86.ActiveCfg = Release|Any CPU
		{074F986E-53B3-4ECB-B44E-BA0C9B9B4638}.Release|x86.Build.0 = Release|Any CPU
		{9BB6347C-0698-4066-893A-B6518152162A}.Debug|Any CPU.ActiveCfg = Debug|Any CPU
		{9BB6347C-0698-4066-893A-B6518152162A}.Debug|Any CPU.Build.0 = Debug|Any CPU
		{9BB6347C-0698-4066-893A-B6518152162A}.Debug|x64.ActiveCfg = Debug|Any CPU
		{9BB6347C-0698-4066-893A-B6518152162A}.Debug|x64.Build.0 = Debug|Any CPU
		{9BB6347C-0698-4066-893A-B6518152162A}.Debug|x86.ActiveCfg = Debug|Any CPU
		{9BB6347C-0698-4066-893A-B6518152162A}.Debug|x86.Build.0 = Debug|Any CPU
		{9BB6347C-0698-4066-893A-B6518152162A}.Release|Any CPU.ActiveCfg = Release|Any CPU
		{9BB6347C-0698-4066-893A-B6518152162A}.Release|Any CPU.Build.0 = Release|Any CPU
		{9BB6347C-0698-4066-893A-B6518152162A}.Release|x64.ActiveCfg = Release|Any CPU
		{9BB6347C-0698-4066-893A-B6518152162A}.Release|x64.Build.0 = Release|Any CPU
		{9BB6347C-0698-4066-893A-B6518152162A}.Release|x86.ActiveCfg = Release|Any CPU
		{9BB6347C-0698-4066-893A-B6518152162A}.Release|x86.Build.0 = Release|Any CPU
		{CA46DB34-2C97-4AA4-9EBD-363AF7EB1017}.Debug|Any CPU.ActiveCfg = Debug|Any CPU
		{CA46DB34-2C97-4AA4-9EBD-363AF7EB1017}.Debug|Any CPU.Build.0 = Debug|Any CPU
		{CA46DB34-2C97-4AA4-9EBD-363AF7EB1017}.Debug|x64.ActiveCfg = Debug|Any CPU
		{CA46DB34-2C97-4AA4-9EBD-363AF7EB1017}.Debug|x64.Build.0 = Debug|Any CPU
		{CA46DB34-2C97-4AA4-9EBD-363AF7EB1017}.Debug|x86.ActiveCfg = Debug|Any CPU
		{CA46DB34-2C97-4AA4-9EBD-363AF7EB1017}.Debug|x86.Build.0 = Debug|Any CPU
		{CA46DB34-2C97-4AA4-9EBD-363AF7EB1017}.Release|Any CPU.ActiveCfg = Release|Any CPU
		{CA46DB34-2C97-4AA4-9EBD-363AF7EB1017}.Release|Any CPU.Build.0 = Release|Any CPU
		{CA46DB34-2C97-4AA4-9EBD-363AF7EB1017}.Release|x64.ActiveCfg = Release|Any CPU
		{CA46DB34-2C97-4AA4-9EBD-363AF7EB1017}.Release|x64.Build.0 = Release|Any CPU
		{CA46DB34-2C97-4AA4-9EBD-363AF7EB1017}.Release|x86.ActiveCfg = Release|Any CPU
		{CA46DB34-2C97-4AA4-9EBD-363AF7EB1017}.Release|x86.Build.0 = Release|Any CPU
		{88FC89BD-77C8-4B43-BE88-88E5AB55B948}.Debug|Any CPU.ActiveCfg = Debug|Any CPU
		{88FC89BD-77C8-4B43-BE88-88E5AB55B948}.Debug|Any CPU.Build.0 = Debug|Any CPU
		{88FC89BD-77C8-4B43-BE88-88E5AB55B948}.Debug|x64.ActiveCfg = Debug|Any CPU
		{88FC89BD-77C8-4B43-BE88-88E5AB55B948}.Debug|x64.Build.0 = Debug|Any CPU
		{88FC89BD-77C8-4B43-BE88-88E5AB55B948}.Debug|x86.ActiveCfg = Debug|Any CPU
		{88FC89BD-77C8-4B43-BE88-88E5AB55B948}.Debug|x86.Build.0 = Debug|Any CPU
		{88FC89BD-77C8-4B43-BE88-88E5AB55B948}.Release|Any CPU.ActiveCfg = Release|Any CPU
		{88FC89BD-77C8-4B43-BE88-88E5AB55B948}.Release|Any CPU.Build.0 = Release|Any CPU
		{88FC89BD-77C8-4B43-BE88-88E5AB55B948}.Release|x64.ActiveCfg = Release|Any CPU
		{88FC89BD-77C8-4B43-BE88-88E5AB55B948}.Release|x64.Build.0 = Release|Any CPU
		{88FC89BD-77C8-4B43-BE88-88E5AB55B948}.Release|x86.ActiveCfg = Release|Any CPU
		{88FC89BD-77C8-4B43-BE88-88E5AB55B948}.Release|x86.Build.0 = Release|Any CPU
		{FDDD79F0-F5EE-43FB-B0B2-8F0F29FFFD86}.Debug|Any CPU.ActiveCfg = Debug|Any CPU
		{FDDD79F0-F5EE-43FB-B0B2-8F0F29FFFD86}.Debug|Any CPU.Build.0 = Debug|Any CPU
		{FDDD79F0-F5EE-43FB-B0B2-8F0F29FFFD86}.Debug|x64.ActiveCfg = Debug|Any CPU
		{FDDD79F0-F5EE-43FB-B0B2-8F0F29FFFD86}.Debug|x64.Build.0 = Debug|Any CPU
		{FDDD79F0-F5EE-43FB-B0B2-8F0F29FFFD86}.Debug|x86.ActiveCfg = Debug|Any CPU
		{FDDD79F0-F5EE-43FB-B0B2-8F0F29FFFD86}.Debug|x86.Build.0 = Debug|Any CPU
		{FDDD79F0-F5EE-43FB-B0B2-8F0F29FFFD86}.Release|Any CPU.ActiveCfg = Release|Any CPU
		{FDDD79F0-F5EE-43FB-B0B2-8F0F29FFFD86}.Release|Any CPU.Build.0 = Release|Any CPU
		{FDDD79F0-F5EE-43FB-B0B2-8F0F29FFFD86}.Release|x64.ActiveCfg = Release|Any CPU
		{FDDD79F0-F5EE-43FB-B0B2-8F0F29FFFD86}.Release|x64.Build.0 = Release|Any CPU
		{FDDD79F0-F5EE-43FB-B0B2-8F0F29FFFD86}.Release|x86.ActiveCfg = Release|Any CPU
		{FDDD79F0-F5EE-43FB-B0B2-8F0F29FFFD86}.Release|x86.Build.0 = Release|Any CPU
		{EEC9F904-734F-4A0D-B195-D61339E53146}.Debug|Any CPU.ActiveCfg = Debug|Any CPU
		{EEC9F904-734F-4A0D-B195-D61339E53146}.Debug|Any CPU.Build.0 = Debug|Any CPU
		{EEC9F904-734F-4A0D-B195-D61339E53146}.Debug|x64.ActiveCfg = Debug|Any CPU
		{EEC9F904-734F-4A0D-B195-D61339E53146}.Debug|x64.Build.0 = Debug|Any CPU
		{EEC9F904-734F-4A0D-B195-D61339E53146}.Debug|x86.ActiveCfg = Debug|Any CPU
		{EEC9F904-734F-4A0D-B195-D61339E53146}.Debug|x86.Build.0 = Debug|Any CPU
		{EEC9F904-734F-4A0D-B195-D61339E53146}.Release|Any CPU.ActiveCfg = Release|Any CPU
		{EEC9F904-734F-4A0D-B195-D61339E53146}.Release|Any CPU.Build.0 = Release|Any CPU
		{EEC9F904-734F-4A0D-B195-D61339E53146}.Release|x64.ActiveCfg = Release|Any CPU
		{EEC9F904-734F-4A0D-B195-D61339E53146}.Release|x64.Build.0 = Release|Any CPU
		{EEC9F904-734F-4A0D-B195-D61339E53146}.Release|x86.ActiveCfg = Release|Any CPU
		{EEC9F904-734F-4A0D-B195-D61339E53146}.Release|x86.Build.0 = Release|Any CPU
		{D32D4D55-0885-4A26-9467-271464622D46}.Debug|Any CPU.ActiveCfg = Debug|Any CPU
		{D32D4D55-0885-4A26-9467-271464622D46}.Debug|Any CPU.Build.0 = Debug|Any CPU
		{D32D4D55-0885-4A26-9467-271464622D46}.Debug|x64.ActiveCfg = Debug|Any CPU
		{D32D4D55-0885-4A26-9467-271464622D46}.Debug|x64.Build.0 = Debug|Any CPU
		{D32D4D55-0885-4A26-9467-271464622D46}.Debug|x86.ActiveCfg = Debug|Any CPU
		{D32D4D55-0885-4A26-9467-271464622D46}.Debug|x86.Build.0 = Debug|Any CPU
		{D32D4D55-0885-4A26-9467-271464622D46}.Release|Any CPU.ActiveCfg = Release|Any CPU
		{D32D4D55-0885-4A26-9467-271464622D46}.Release|Any CPU.Build.0 = Release|Any CPU
		{D32D4D55-0885-4A26-9467-271464622D46}.Release|x64.ActiveCfg = Release|Any CPU
		{D32D4D55-0885-4A26-9467-271464622D46}.Release|x64.Build.0 = Release|Any CPU
		{D32D4D55-0885-4A26-9467-271464622D46}.Release|x86.ActiveCfg = Release|Any CPU
		{D32D4D55-0885-4A26-9467-271464622D46}.Release|x86.Build.0 = Release|Any CPU
		{5A2563EF-80C1-42FC-8263-667207273108}.Debug|Any CPU.ActiveCfg = Debug|Any CPU
		{5A2563EF-80C1-42FC-8263-667207273108}.Debug|Any CPU.Build.0 = Debug|Any CPU
		{5A2563EF-80C1-42FC-8263-667207273108}.Debug|x64.ActiveCfg = Debug|Any CPU
		{5A2563EF-80C1-42FC-8263-667207273108}.Debug|x64.Build.0 = Debug|Any CPU
		{5A2563EF-80C1-42FC-8263-667207273108}.Debug|x86.ActiveCfg = Debug|Any CPU
		{5A2563EF-80C1-42FC-8263-667207273108}.Debug|x86.Build.0 = Debug|Any CPU
		{5A2563EF-80C1-42FC-8263-667207273108}.Release|Any CPU.ActiveCfg = Release|Any CPU
		{5A2563EF-80C1-42FC-8263-667207273108}.Release|Any CPU.Build.0 = Release|Any CPU
		{5A2563EF-80C1-42FC-8263-667207273108}.Release|x64.ActiveCfg = Release|Any CPU
		{5A2563EF-80C1-42FC-8263-667207273108}.Release|x64.Build.0 = Release|Any CPU
		{5A2563EF-80C1-42FC-8263-667207273108}.Release|x86.ActiveCfg = Release|Any CPU
		{5A2563EF-80C1-42FC-8263-667207273108}.Release|x86.Build.0 = Release|Any CPU
	EndGlobalSection
	GlobalSection(SolutionProperties) = preSolution
		HideSolutionNode = FALSE
	EndGlobalSection
	GlobalSection(NestedProjects) = preSolution
		{D4354A11-8ED6-472C-81B9-0D2F57DDB35B} = {C73691E4-5947-417F-837F-18F376CB3A5C}
		{7FD7545F-A9A6-4600-9CDE-982C47F7664C} = {C5FCD411-D892-499B-9E44-3CC3D4B8097A}
		{385134F1-5EC5-469D-85FD-BDB77CD96AF6} = {C73691E4-5947-417F-837F-18F376CB3A5C}
		{DDB9F090-327C-42C9-A772-11735946B4D0} = {C73691E4-5947-417F-837F-18F376CB3A5C}
		{80AFF0ED-E080-4079-918C-32BFE4507CE9} = {C73691E4-5947-417F-837F-18F376CB3A5C}
		{A4F9D17E-9928-42DB-8B6B-FE4342B5717C} = {C73691E4-5947-417F-837F-18F376CB3A5C}
		{BF2EEE75-FABB-4F7E-9C23-035A031C2F20} = {C73691E4-5947-417F-837F-18F376CB3A5C}
		{B52426EE-44B1-4354-8668-8E575B10C5DF} = {C73691E4-5947-417F-837F-18F376CB3A5C}
		{3D53FD5A-7597-4CE9-87FF-F644AC56FDA7} = {B52426EE-44B1-4354-8668-8E575B10C5DF}
		{5798324F-BC71-4C8C-A510-CC46024C828D} = {B52426EE-44B1-4354-8668-8E575B10C5DF}
		{D67AD638-2001-4EA9-BC52-2A51DF74B98D} = {B52426EE-44B1-4354-8668-8E575B10C5DF}
		{2B51E60A-DFAE-480B-83E4-35CDFB04A992} = {B52426EE-44B1-4354-8668-8E575B10C5DF}
		{E2CCFFB7-3296-44EF-8715-27A1FA40C1D6} = {B52426EE-44B1-4354-8668-8E575B10C5DF}
		{4460F5A5-DE36-4BA5-852B-973AC2664F2D} = {B52426EE-44B1-4354-8668-8E575B10C5DF}
		{B065A94F-671B-45BA-80AC-C861C3DBE1C0} = {80AFF0ED-E080-4079-918C-32BFE4507CE9}
		{82BD9FBA-3798-4550-A39C-D7F26B331F39} = {80AFF0ED-E080-4079-918C-32BFE4507CE9}
		{15D5CE51-B7B7-468E-B1BF-B2EA0A8955CA} = {B52426EE-44B1-4354-8668-8E575B10C5DF}
		{C1F07A45-14B9-4458-B234-76F419D6B106} = {80AFF0ED-E080-4079-918C-32BFE4507CE9}
		{6A062529-5560-4C47-8537-F1D37EC48002} = {80AFF0ED-E080-4079-918C-32BFE4507CE9}
		{853092AE-977E-4BEB-A194-1DDC39A7266E} = {80AFF0ED-E080-4079-918C-32BFE4507CE9}
		{9F883DAE-8060-4C8E-AA31-106A6A124AA7} = {A4F9D17E-9928-42DB-8B6B-FE4342B5717C}
		{0599396E-41E9-4FC1-9E93-2FDEF2C76F24} = {BF2EEE75-FABB-4F7E-9C23-035A031C2F20}
		{1DC8B833-C0D4-44E8-9903-5330A3C19826} = {BF2EEE75-FABB-4F7E-9C23-035A031C2F20}
		{EF70E18D-6330-4E3D-B4A5-FAA470D75135} = {BF2EEE75-FABB-4F7E-9C23-035A031C2F20}
		{074F986E-53B3-4ECB-B44E-BA0C9B9B4638} = {385134F1-5EC5-469D-85FD-BDB77CD96AF6}
		{9BB6347C-0698-4066-893A-B6518152162A} = {385134F1-5EC5-469D-85FD-BDB77CD96AF6}
		{CA46DB34-2C97-4AA4-9EBD-363AF7EB1017} = {385134F1-5EC5-469D-85FD-BDB77CD96AF6}
		{88FC89BD-77C8-4B43-BE88-88E5AB55B948} = {385134F1-5EC5-469D-85FD-BDB77CD96AF6}
		{FDDD79F0-F5EE-43FB-B0B2-8F0F29FFFD86} = {385134F1-5EC5-469D-85FD-BDB77CD96AF6}
		{EEC9F904-734F-4A0D-B195-D61339E53146} = {DDB9F090-327C-42C9-A772-11735946B4D0}
		{D32D4D55-0885-4A26-9467-271464622D46} = {DDB9F090-327C-42C9-A772-11735946B4D0}
		{5A2563EF-80C1-42FC-8263-667207273108} = {DDB9F090-327C-42C9-A772-11735946B4D0}
	EndGlobalSection
	GlobalSection(ExtensibilityGlobals) = postSolution
		SolutionGuid = {67B5D726-E295-40F1-86E3-AE50A2D4A85C}
	EndGlobalSection
EndGlobal
